
Microsoft Visual Studio Solution File, Format Version 12.00
# Visual Studio 15
VisualStudioVersion = 15.0.28010.2048
MinimumVisualStudioVersion = 10.0.40219.1
Project("{FAE04EC0-301F-11D3-BF4B-00C04F79EFBC}") = "video_mark", "video_mark\video_mark.csproj", "{6AF2DF6A-B4AF-4F54-9C88-1F2C21366760}"
EndProject
Global
	GlobalSection(SolutionConfigurationPlatforms) = preSolution
		Debug|Any CPU = Debug|Any CPU
		Release|Any CPU = Release|Any CPU
	EndGlobalSection
	GlobalSection(ProjectConfigurationPlatforms) = postSolution
		{6AF2DF6A-B4AF-4F54-9C88-1F2C21366760}.Debug|Any CPU.ActiveCfg = Debug|Any CPU
		{6AF2DF6A-B4AF-4F54-9C88-1F2C21366760}.Debug|Any CPU.Build.0 = Debug|Any CPU
		{6AF2DF6A-B4AF-4F54-9C88-1F2C21366760}.Release|Any CPU.ActiveCfg = Release|Any CPU
		{6AF2DF6A-B4AF-4F54-9C88-1F2C21366760}.Release|Any CPU.Build.0 = Release|Any CPU
	EndGlobalSection
	GlobalSection(SolutionProperties) = preSolution
		HideSolutionNode = FALSE
	EndGlobalSection
	GlobalSection(ExtensibilityGlobals) = postSolution
		SolutionGuid = {EF193EB1-8BA8-4564-90C0-7D5B28355825}
	EndGlobalSection
EndGlobal
